
Microsoft Visual Studio Solution File, Format Version 12.00
# Visual Studio Version 17
VisualStudioVersion = 17.5.002.0
MinimumVisualStudioVersion = 10.0.40219.1
Project("{9A19103F-16F7-4668-BE54-9A1E7A4F7556}") = "pportfolio-ultimate", "pportfolio-ultimate.csproj", "{B171D502-2801-443B-924D-E4065F4614EE}"
EndProject
Global
	GlobalSection(SolutionConfigurationPlatforms) = preSolution
		Debug|Any CPU = Debug|Any CPU
		Release|Any CPU = Release|Any CPU
	EndGlobalSection
	GlobalSection(ProjectConfigurationPlatforms) = postSolution
		{B171D502-2801-443B-924D-E4065F4614EE}.Debug|Any CPU.ActiveCfg = Debug|Any CPU
		{B171D502-2801-443B-924D-E4065F4614EE}.Debug|Any CPU.Build.0 = Debug|Any CPU
		{B171D502-2801-443B-924D-E4065F4614EE}.Release|Any CPU.ActiveCfg = Release|Any CPU
		{B171D502-2801-443B-924D-E4065F4614EE}.Release|Any CPU.Build.0 = Release|Any CPU
	EndGlobalSection
	GlobalSection(SolutionProperties) = preSolution
		HideSolutionNode = FALSE
	EndGlobalSection
	GlobalSection(ExtensibilityGlobals) = postSolution
		SolutionGuid = {5BBB63DD-862C-4E03-8C1A-857FEC5E8593}
	EndGlobalSection
EndGlobal
